// !$*UTF8*$!
{
	archiveVersion = 1;
	classes = {
	};
	objectVersion = 46;
	objects = {

/* Begin PBXBuildFile section */
		DE6C40321A29E39C0014E169 /* Foundation.framework in Frameworks */ = {isa = PBXBuildFile; fileRef = DE6C40311A29E39C0014E169 /* Foundation.framework */; };
		DE6C40341A29E39D0014E169 /* CoreGraphics.framework in Frameworks */ = {isa = PBXBuildFile; fileRef = DE6C40331A29E39C0014E169 /* CoreGraphics.framework */; };
		DE6C40361A29E39D0014E169 /* UIKit.framework in Frameworks */ = {isa = PBXBuildFile; fileRef = DE6C40351A29E39D0014E169 /* UIKit.framework */; };
		DE6C403C1A29E39D0014E169 /* InfoPlist.strings in Resources */ = {isa = PBXBuildFile; fileRef = DE6C403A1A29E39D0014E169 /* InfoPlist.strings */; };
		DE6C403E1A29E39D0014E169 /* main.m in Sources */ = {isa = PBXBuildFile; fileRef = DE6C403D1A29E39D0014E169 /* main.m */; };
		DE6C40421A29E39E0014E169 /* BIDAppDelegate.m in Sources */ = {isa = PBXBuildFile; fileRef = DE6C40411A29E39E0014E169 /* BIDAppDelegate.m */; };
		DE6C40451A29E39F0014E169 /* Main.storyboard in Resources */ = {isa = PBXBuildFile; fileRef = DE6C40431A29E39F0014E169 /* Main.storyboard */; };
		DE6C40481A29E3A00014E169 /* BIDViewController.m in Sources */ = {isa = PBXBuildFile; fileRef = DE6C40471A29E3A00014E169 /* BIDViewController.m */; };
		DE6C404A1A29E3A10014E169 /* Images.xcassets in Resources */ = {isa = PBXBuildFile; fileRef = DE6C40491A29E3A10014E169 /* Images.xcassets */; };
		DE6C40511A29E3AB0014E169 /* XCTest.framework in Frameworks */ = {isa = PBXBuildFile; fileRef = DE6C40501A29E3AB0014E169 /* XCTest.framework */; };
		DE6C40521A29E3AB0014E169 /* Foundation.framework in Frameworks */ = {isa = PBXBuildFile; fileRef = DE6C40311A29E39C0014E169 /* Foundation.framework */; };
		DE6C40531A29E3AB0014E169 /* UIKit.framework in Frameworks */ = {isa = PBXBuildFile; fileRef = DE6C40351A29E39D0014E169 /* UIKit.framework */; };
		DE6C405B1A29E3AE0014E169 /* InfoPlist.strings in Resources */ = {isa = PBXBuildFile; fileRef = DE6C40591A29E3AE0014E169 /* InfoPlist.strings */; };
		DE6C405D1A29E3AF0014E169 /* CameraTests.m in Sources */ = {isa = PBXBuildFile; fileRef = DE6C405C1A29E3AF0014E169 /* CameraTests.m */; };
/* End PBXBuildFile section */

/* Begin PBXContainerItemProxy section */
		DE6C40541A29E3AB0014E169 /* PBXContainerItemProxy */ = {
			isa = PBXContainerItemProxy;
			containerPortal = DE6C40261A29E3970014E169 /* Project object */;
			proxyType = 1;
			remoteGlobalIDString = DE6C402D1A29E3980014E169;
			remoteInfo = Camera;
		};
/* End PBXContainerItemProxy section */

/* Begin PBXFileReference section */
		DE6C402E1A29E39B0014E169 /* Camera.app */ = {isa = PBXFileReference; explicitFileType = wrapper.application; includeInIndex = 0; path = Camera.app; sourceTree = BUILT_PRODUCTS_DIR; };
		DE6C40311A29E39C0014E169 /* Foundation.framework */ = {isa = PBXFileReference; lastKnownFileType = wrapper.framework; name = Foundation.framework; path = System/Library/Frameworks/Foundation.framework; sourceTree = SDKROOT; };
		DE6C40331A29E39C0014E169 /* CoreGraphics.framework */ = {isa = PBXFileReference; lastKnownFileType = wrapper.framework; name = CoreGraphics.framework; path = System/Library/Frameworks/CoreGraphics.framework; sourceTree = SDKROOT; };
		DE6C40351A29E39D0014E169 /* UIKit.framework */ = {isa = PBXFileReference; lastKnownFileType = wrapper.framework; name = UIKit.framework; path = System/Library/Frameworks/UIKit.framework; sourceTree = SDKROOT; };
		DE6C40391A29E39D0014E169 /* Camera-Info.plist */ = {isa = PBXFileReference; lastKnownFileType = text.plist.xml; path = "Camera-Info.plist"; sourceTree = "<group>"; };
		DE6C403B1A29E39D0014E169 /* en */ = {isa = PBXFileReference; lastKnownFileType = text.plist.strings; name = en; path = en.lproj/InfoPlist.strings; sourceTree = "<group>"; };
		DE6C403D1A29E39D0014E169 /* main.m */ = {isa = PBXFileReference; lastKnownFileType = sourcecode.c.objc; path = main.m; sourceTree = "<group>"; };
		DE6C403F1A29E39E0014E169 /* Camera-Prefix.pch */ = {isa = PBXFileReference; lastKnownFileType = sourcecode.c.h; path = "Camera-Prefix.pch"; sourceTree = "<group>"; };
		DE6C40401A29E39E0014E169 /* BIDAppDelegate.h */ = {isa = PBXFileReference; lastKnownFileType = sourcecode.c.h; path = BIDAppDelegate.h; sourceTree = "<group>"; };
		DE6C40411A29E39E0014E169 /* BIDAppDelegate.m */ = {isa = PBXFileReference; lastKnownFileType = sourcecode.c.objc; path = BIDAppDelegate.m; sourceTree = "<group>"; };
		DE6C40441A29E39F0014E169 /* Base */ = {isa = PBXFileReference; lastKnownFileType = file.storyboard; name = Base; path = Base.lproj/Main.storyboard; sourceTree = "<group>"; };
		DE6C40461A29E39F0014E169 /* BIDViewController.h */ = {isa = PBXFileReference; lastKnownFileType = sourcecode.c.h; path = BIDViewController.h; sourceTree = "<group>"; };
		DE6C40471A29E3A00014E169 /* BIDViewController.m */ = {isa = PBXFileReference; lastKnownFileType = sourcecode.c.objc; path = BIDViewController.m; sourceTree = "<group>"; };
		DE6C40491A29E3A10014E169 /* Images.xcassets */ = {isa = PBXFileReference; lastKnownFileType = folder.assetcatalog; path = Images.xcassets; sourceTree = "<group>"; };
		DE6C404F1A29E3AB0014E169 /* CameraTests.xctest */ = {isa = PBXFileReference; explicitFileType = wrapper.cfbundle; includeInIndex = 0; path = CameraTests.xctest; sourceTree = BUILT_PRODUCTS_DIR; };
		DE6C40501A29E3AB0014E169 /* XCTest.framework */ = {isa = PBXFileReference; lastKnownFileType = wrapper.framework; name = XCTest.framework; path = Library/Frameworks/XCTest.framework; sourceTree = DEVELOPER_DIR; };
		DE6C40581A29E3AD0014E169 /* CameraTests-Info.plist */ = {isa = PBXFileReference; lastKnownFileType = text.plist.xml; path = "CameraTests-Info.plist"; sourceTree = "<group>"; };
		DE6C405A1A29E3AE0014E169 /* en */ = {isa = PBXFileReference; lastKnownFileType = text.plist.strings; name = en; path = en.lproj/InfoPlist.strings; sourceTree = "<group>"; };
		DE6C405C1A29E3AF0014E169 /* CameraTests.m */ = {isa = PBXFileReference; lastKnownFileType = sourcecode.c.objc; path = CameraTests.m; sourceTree = "<group>"; };
/* End PBXFileReference section */

/* Begin PBXFrameworksBuildPhase section */
		DE6C402B1A29E3980014E169 /* Frameworks */ = {
			isa = PBXFrameworksBuildPhase;
			buildActionMask = 2147483647;
			files = (
				DE6C40341A29E39D0014E169 /* CoreGraphics.framework in Frameworks */,
				DE6C40361A29E39D0014E169 /* UIKit.framework in Frameworks */,
				DE6C40321A29E39C0014E169 /* Foundation.framework in Frameworks */,
			);
			runOnlyForDeploymentPostprocessing = 0;
		};
		DE6C404C1A29E3AB0014E169 /* Frameworks */ = {
			isa = PBXFrameworksBuildPhase;
			buildActionMask = 2147483647;
			files = (
				DE6C40511A29E3AB0014E169 /* XCTest.framework in Frameworks */,
				DE6C40531A29E3AB0014E169 /* UIKit.framework in Frameworks */,
				DE6C40521A29E3AB0014E169 /* Foundation.framework in Frameworks */,
			);
			runOnlyForDeploymentPostprocessing = 0;
		};
/* End PBXFrameworksBuildPhase section */

/* Begin PBXGroup section */
		DE6C40251A29E3950014E169 = {
			isa = PBXGroup;
			children = (
				DE6C40371A29E39D0014E169 /* Camera */,
				DE6C40561A29E3AC0014E169 /* CameraTests */,
				DE6C40301A29E39B0014E169 /* Frameworks */,
				DE6C402F1A29E39B0014E169 /* Products */,
			);
			sourceTree = "<group>";
		};
		DE6C402F1A29E39B0014E169 /* Products */ = {
			isa = PBXGroup;
			children = (
				DE6C402E1A29E39B0014E169 /* Camera.app */,
				DE6C404F1A29E3AB0014E169 /* CameraTests.xctest */,
			);
			name = Products;
			sourceTree = "<group>";
		};
		DE6C40301A29E39B0014E169 /* Frameworks */ = {
			isa = PBXGroup;
			children = (
				DE6C40311A29E39C0014E169 /* Foundation.framework */,
				DE6C40331A29E39C0014E169 /* CoreGraphics.framework */,
				DE6C40351A29E39D0014E169 /* UIKit.framework */,
				DE6C40501A29E3AB0014E169 /* XCTest.framework */,
			);
			name = Frameworks;
			sourceTree = "<group>";
		};
		DE6C40371A29E39D0014E169 /* Camera */ = {
			isa = PBXGroup;
			children = (
				DE6C40401A29E39E0014E169 /* BIDAppDelegate.h */,
				DE6C40411A29E39E0014E169 /* BIDAppDelegate.m */,
				DE6C40431A29E39F0014E169 /* Main.storyboard */,
				DE6C40461A29E39F0014E169 /* BIDViewController.h */,
				DE6C40471A29E3A00014E169 /* BIDViewController.m */,
				DE6C40491A29E3A10014E169 /* Images.xcassets */,
				DE6C40381A29E39D0014E169 /* Supporting Files */,
			);
			path = Camera;
			sourceTree = "<group>";
		};
		DE6C40381A29E39D0014E169 /* Supporting Files */ = {
			isa = PBXGroup;
			children = (
				DE6C40391A29E39D0014E169 /* Camera-Info.plist */,
				DE6C403A1A29E39D0014E169 /* InfoPlist.strings */,
				DE6C403D1A29E39D0014E169 /* main.m */,
				DE6C403F1A29E39E0014E169 /* Camera-Prefix.pch */,
			);
			name = "Supporting Files";
			sourceTree = "<group>";
		};
		DE6C40561A29E3AC0014E169 /* CameraTests */ = {
			isa = PBXGroup;
			children = (
				DE6C405C1A29E3AF0014E169 /* CameraTests.m */,
				DE6C40571A29E3AD0014E169 /* Supporting Files */,
			);
			path = CameraTests;
			sourceTree = "<group>";
		};
		DE6C40571A29E3AD0014E169 /* Supporting Files */ = {
			isa = PBXGroup;
			children = (
				DE6C40581A29E3AD0014E169 /* CameraTests-Info.plist */,
				DE6C40591A29E3AE0014E169 /* InfoPlist.strings */,
			);
			name = "Supporting Files";
			sourceTree = "<group>";
		};
/* End PBXGroup section */

/* Begin PBXNativeTarget section */
		DE6C402D1A29E3980014E169 /* Camera */ = {
			isa = PBXNativeTarget;
			buildConfigurationList = DE6C40601A29E3B00014E169 /* Build configuration list for PBXNativeTarget "Camera" */;
			buildPhases = (
				DE6C402A1A29E3980014E169 /* Sources */,
				DE6C402B1A29E3980014E169 /* Frameworks */,
				DE6C402C1A29E3980014E169 /* Resources */,
			);
			buildRules = (
			);
			dependencies = (
			);
			name = Camera;
			productName = Camera;
			productReference = DE6C402E1A29E39B0014E169 /* Camera.app */;
			productType = "com.apple.product-type.application";
		};
		DE6C404E1A29E3AB0014E169 /* CameraTests */ = {
			isa = PBXNativeTarget;
			buildConfigurationList = DE6C40631A29E3B00014E169 /* Build configuration list for PBXNativeTarget "CameraTests" */;
			buildPhases = (
				DE6C404B1A29E3AB0014E169 /* Sources */,
				DE6C404C1A29E3AB0014E169 /* Frameworks */,
				DE6C404D1A29E3AB0014E169 /* Resources */,
			);
			buildRules = (
			);
			dependencies = (
				DE6C40551A29E3AB0014E169 /* PBXTargetDependency */,
			);
			name = CameraTests;
			productName = CameraTests;
			productReference = DE6C404F1A29E3AB0014E169 /* CameraTests.xctest */;
			productType = "com.apple.product-type.bundle.unit-test";
		};
/* End PBXNativeTarget section */

/* Begin PBXProject section */
		DE6C40261A29E3970014E169 /* Project object */ = {
			isa = PBXProject;
			attributes = {
				CLASSPREFIX = BID;
				LastUpgradeCheck = 0510;
				ORGANIZATIONNAME = Apress;
				TargetAttributes = {
					DE6C404E1A29E3AB0014E169 = {
						TestTargetID = DE6C402D1A29E3980014E169;
					};
				};
			};
			buildConfigurationList = DE6C40291A29E3970014E169 /* Build configuration list for PBXProject "Camera" */;
			compatibilityVersion = "Xcode 3.2";
			developmentRegion = English;
			hasScannedForEncodings = 0;
			knownRegions = (
				en,
				Base,
			);
			mainGroup = DE6C40251A29E3950014E169;
			productRefGroup = DE6C402F1A29E39B0014E169 /* Products */;
			projectDirPath = "";
			projectRoot = "";
			targets = (
				DE6C402D1A29E3980014E169 /* Camera */,
				DE6C404E1A29E3AB0014E169 /* CameraTests */,
			);
		};
/* End PBXProject section */

/* Begin PBXResourcesBuildPhase section */
		DE6C402C1A29E3980014E169 /* Resources */ = {
			isa = PBXResourcesBuildPhase;
			buildActionMask = 2147483647;
			files = (
				DE6C404A1A29E3A10014E169 /* Images.xcassets in Resources */,
				DE6C403C1A29E39D0014E169 /* InfoPlist.strings in Resources */,
				DE6C40451A29E39F0014E169 /* Main.storyboard in Resources */,
			);
			runOnlyForDeploymentPostprocessing = 0;
		};
		DE6C404D1A29E3AB0014E169 /* Resources */ = {
			isa = PBXResourcesBuildPhase;
			buildActionMask = 2147483647;
			files = (
				DE6C405B1A29E3AE0014E169 /* InfoPlist.strings in Resources */,
			);
			runOnlyForDeploymentPostprocessing = 0;
		};
/* End PBXResourcesBuildPhase section */

/* Begin PBXSourcesBuildPhase section */
		DE6C402A1A29E3980014E169 /* Sources */ = {
			isa = PBXSourcesBuildPhase;
			buildActionMask = 2147483647;
			files = (
				DE6C40421A29E39E0014E169 /* BIDAppDelegate.m in Sources */,
				DE6C40481A29E3A00014E169 /* BIDViewController.m in Sources */,
				DE6C403E1A29E39D0014E169 /* main.m in Sources */,
			);
			runOnlyForDeploymentPostprocessing = 0;
		};
		DE6C404B1A29E3AB0014E169 /* Sources */ = {
			isa = PBXSourcesBuildPhase;
			buildActionMask = 2147483647;
			files = (
				DE6C405D1A29E3AF0014E169 /* CameraTests.m in Sources */,
			);
			runOnlyForDeploymentPostprocessing = 0;
		};
/* End PBXSourcesBuildPhase section */

/* Begin PBXTargetDependency section */
		DE6C40551A29E3AB0014E169 /* PBXTargetDependency */ = {
			isa = PBXTargetDependency;
			target = DE6C402D1A29E3980014E169 /* Camera */;
			targetProxy = DE6C40541A29E3AB0014E169 /* PBXContainerItemProxy */;
		};
/* End PBXTargetDependency section */

/* Begin PBXVariantGroup section */
		DE6C403A1A29E39D0014E169 /* InfoPlist.strings */ = {
			isa = PBXVariantGroup;
			children = (
				DE6C403B1A29E39D0014E169 /* en */,
			);
			name = InfoPlist.strings;
			sourceTree = "<group>";
		};
		DE6C40431A29E39F0014E169 /* Main.storyboard */ = {
			isa = PBXVariantGroup;
			children = (
				DE6C40441A29E39F0014E169 /* Base */,
			);
			name = Main.storyboard;
			sourceTree = "<group>";
		};
		DE6C40591A29E3AE0014E169 /* InfoPlist.strings */ = {
			isa = PBXVariantGroup;
			children = (
				DE6C405A1A29E3AE0014E169 /* en */,
			);
			name = InfoPlist.strings;
			sourceTree = "<group>";
		};
/* End PBXVariantGroup section */

/* Begin XCBuildConfiguration section */
		DE6C405E1A29E3AF0014E169 /* Debug */ = {
			isa = XCBuildConfiguration;
			buildSettings = {
				ALWAYS_SEARCH_USER_PATHS = NO;
				CLANG_CXX_LANGUAGE_STANDARD = "gnu++0x";
				CLANG_CXX_LIBRARY = "libc++";
				CLANG_ENABLE_MODULES = YES;
				CLANG_ENABLE_OBJC_ARC = YES;
				CLANG_WARN_BOOL_CONVERSION = YES;
				CLANG_WARN_CONSTANT_CONVERSION = YES;
				CLANG_WARN_DIRECT_OBJC_ISA_USAGE = YES_ERROR;
				CLANG_WARN_EMPTY_BODY = YES;
				CLANG_WARN_ENUM_CONVERSION = YES;
				CLANG_WARN_INT_CONVERSION = YES;
				CLANG_WARN_OBJC_ROOT_CLASS = YES_ERROR;
				CLANG_WARN__DUPLICATE_METHOD_MATCH = YES;
				"CODE_SIGN_IDENTITY[sdk=iphoneos*]" = "iPhone Developer";
				COPY_PHASE_STRIP = NO;
				GCC_C_LANGUAGE_STANDARD = gnu99;
				GCC_DYNAMIC_NO_PIC = NO;
				GCC_OPTIMIZATION_LEVEL = 0;
				GCC_PREPROCESSOR_DEFINITIONS = (
					"DEBUG=1",
					"$(inherited)",
				);
				GCC_SYMBOLS_PRIVATE_EXTERN = NO;
				GCC_WARN_64_TO_32_BIT_CONVERSION = YES;
				GCC_WARN_ABOUT_RETURN_TYPE = YES_ERROR;
				GCC_WARN_UNDECLARED_SELECTOR = YES;
				GCC_WARN_UNINITIALIZED_AUTOS = YES_AGGRESSIVE;
				GCC_WARN_UNUSED_FUNCTION = YES;
				GCC_WARN_UNUSED_VARIABLE = YES;
				IPHONEOS_DEPLOYMENT_TARGET = 7.1;
				ONLY_ACTIVE_ARCH = YES;
				SDKROOT = iphoneos;
			};
			name = Debug;
		};
		DE6C405F1A29E3AF0014E169 /* Release */ = {
			isa = XCBuildConfiguration;
			buildSettings = {
				ALWAYS_SEARCH_USER_PATHS = NO;
				CLANG_CXX_LANGUAGE_STANDARD = "gnu++0x";
				CLANG_CXX_LIBRARY = "libc++";
				CLANG_ENABLE_MODULES = YES;
				CLANG_ENABLE_OBJC_ARC = YES;
				CLANG_WARN_BOOL_CONVERSION = YES;
				CLANG_WARN_CONSTANT_CONVERSION = YES;
				CLANG_WARN_DIRECT_OBJC_ISA_USAGE = YES_ERROR;
				CLANG_WARN_EMPTY_BODY = YES;
				CLANG_WARN_ENUM_CONVERSION = YES;
				CLANG_WARN_INT_CONVERSION = YES;
				CLANG_WARN_OBJC_ROOT_CLASS = YES_ERROR;
				CLANG_WARN__DUPLICATE_METHOD_MATCH = YES;
				"CODE_SIGN_IDENTITY[sdk=iphoneos*]" = "iPhone Developer";
				COPY_PHASE_STRIP = YES;
				ENABLE_NS_ASSERTIONS = NO;
				GCC_C_LANGUAGE_STANDARD = gnu99;
				GCC_WARN_64_TO_32_BIT_CONVERSION = YES;
				GCC_WARN_ABOUT_RETURN_TYPE = YES_ERROR;
				GCC_WARN_UNDECLARED_SELECTOR = YES;
				GCC_WARN_UNINITIALIZED_AUTOS = YES_AGGRESSIVE;
				GCC_WARN_UNUSED_FUNCTION = YES;
				GCC_WARN_UNUSED_VARIABLE = YES;
				IPHONEOS_DEPLOYMENT_TARGET = 7.1;
				SDKROOT = iphoneos;
				VALIDATE_PRODUCT = YES;
			};
			name = Release;
		};
		DE6C40611A29E3B00014E169 /* Debug */ = {
			isa = XCBuildConfiguration;
			buildSettings = {
				ASSETCATALOG_COMPILER_APPICON_NAME = AppIcon;
				ASSETCATALOG_COMPILER_LAUNCHIMAGE_NAME = LaunchImage;
				GCC_PRECOMPILE_PREFIX_HEADER = YES;
				GCC_PREFIX_HEADER = "Camera/Camera-Prefix.pch";
				INFOPLIST_FILE = "Camera/Camera-Info.plist";
				PRODUCT_NAME = "$(TARGET_NAME)";
				WRAPPER_EXTENSION = app;
			};
			name = Debug;
		};
		DE6C40621A29E3B00014E169 /* Release */ = {
			isa = XCBuildConfiguration;
			buildSettings = {
				ASSETCATALOG_COMPILER_APPICON_NAME = AppIcon;
				ASSETCATALOG_COMPILER_LAUNCHIMAGE_NAME = LaunchImage;
				GCC_PRECOMPILE_PREFIX_HEADER = YES;
				GCC_PREFIX_HEADER = "Camera/Camera-Prefix.pch";
				INFOPLIST_FILE = "Camera/Camera-Info.plist";
				PRODUCT_NAME = "$(TARGET_NAME)";
				WRAPPER_EXTENSION = app;
			};
			name = Release;
		};
		DE6C40641A29E3B00014E169 /* Debug */ = {
			isa = XCBuildConfiguration;
			buildSettings = {
				BUNDLE_LOADER = "$(BUILT_PRODUCTS_DIR)/Camera.app/Camera";
				FRAMEWORK_SEARCH_PATHS = (
					"$(SDKROOT)/Developer/Library/Frameworks",
					"$(inherited)",
					"$(DEVELOPER_FRAMEWORKS_DIR)",
				);
				GCC_PRECOMPILE_PREFIX_HEADER = YES;
				GCC_PREFIX_HEADER = "Camera/Camera-Prefix.pch";
				GCC_PREPROCESSOR_DEFINITIONS = (
					"DEBUG=1",
					"$(inherited)",
				);
				INFOPLIST_FILE = "CameraTests/CameraTests-Info.plist";
				PRODUCT_NAME = "$(TARGET_NAME)";
				TEST_HOST = "$(BUNDLE_LOADER)";
				WRAPPER_EXTENSION = xctest;
			};
			name = Debug;
		};
		DE6C40651A29E3B00014E169 /* Release */ = {
			isa = XCBuildConfiguration;
			buildSettings = {
				BUNDLE_LOADER = "$(BUILT_PRODUCTS_DIR)/Camera.app/Camera";
				FRAMEWORK_SEARCH_PATHS = (
					"$(SDKROOT)/Developer/Library/Frameworks",
					"$(inherited)",
					"$(DEVELOPER_FRAMEWORKS_DIR)",
				);
				GCC_PRECOMPILE_PREFIX_HEADER = YES;
				GCC_PREFIX_HEADER = "Camera/Camera-Prefix.pch";
				INFOPLIST_FILE = "CameraTests/CameraTests-Info.plist";
				PRODUCT_NAME = "$(TARGET_NAME)";
				TEST_HOST = "$(BUNDLE_LOADER)";
				WRAPPER_EXTENSION = xctest;
			};
			name = Release;
		};
/* End XCBuildConfiguration section */

/* Begin XCConfigurationList section */
		DE6C40291A29E3970014E169 /* Build configuration list for PBXProject "Camera" */ = {
			isa = XCConfigurationList;
			buildConfigurations = (
				DE6C405E1A29E3AF0014E169 /* Debug */,
				DE6C405F1A29E3AF0014E169 /* Release */,
			);
			defaultConfigurationIsVisible = 0;
			defaultConfigurationName = Release;
		};
		DE6C40601A29E3B00014E169 /* Build configuration list for PBXNativeTarget "Camera" */ = {
			isa = XCConfigurationList;
			buildConfigurations = (
				DE6C40611A29E3B00014E169 /* Debug */,
				DE6C40621A29E3B00014E169 /* Release */,
			);
			defaultConfigurationIsVisible = 0;
		};
		DE6C40631A29E3B00014E169 /* Build configuration list for PBXNativeTarget "CameraTests" */ = {
			isa = XCConfigurationList;
			buildConfigurations = (
				DE6C40641A29E3B00014E169 /* Debug */,
				DE6C40651A29E3B00014E169 /* Release */,
			);
			defaultConfigurationIsVisible = 0;
		};
/* End XCConfigurationList section */
	};
	rootObject = DE6C40261A29E3970014E169 /* Project object */;
}
